
Microsoft Visual Studio Solution File, Format Version 11.00
# Visual Studio 2010
Project("{FAE04EC0-301F-11D3-BF4B-00C04F79EFBC}") = "Assembly-CSharp", "Assembly-CSharp.csproj", "{7DD9BD62-F556-CBD5-D265-DC3F36C2B4B9}"
EndProject
Project("{FAE04EC0-301F-11D3-BF4B-00C04F79EFBC}") = "Assembly-CSharp-firstpass", "Assembly-CSharp-firstpass.csproj", "{1D2BA101-14DF-DC11-40BD-B9CFAC4B4905}"
EndProject
Project("{FAE04EC0-301F-11D3-BF4B-00C04F79EFBC}") = "Assembly-CSharp-Editor", "Assembly-CSharp-Editor.csproj", "{3B3A195F-304C-037C-93F6-BD6AC0C58F2B}"
EndProject
Project("{FAE04EC0-301F-11D3-BF4B-00C04F79EFBC}") = "Assembly-CSharp-Editor-firstpass", "Assembly-CSharp-Editor-firstpass.csproj", "{54A80DBD-AFA4-5B4A-BDD4-4B870FDDAD0A}"
EndProject
Global
	GlobalSection(SolutionConfigurationPlatforms) = preSolution
		Debug|Any CPU = Debug|Any CPU
		Release|Any CPU = Release|Any CPU
	EndGlobalSection
	GlobalSection(ProjectConfigurationPlatforms) = postSolution
		{7DD9BD62-F556-CBD5-D265-DC3F36C2B4B9}.Debug|Any CPU.ActiveCfg = Debug|Any CPU
		{7DD9BD62-F556-CBD5-D265-DC3F36C2B4B9}.Debug|Any CPU.Build.0 = Debug|Any CPU
		{7DD9BD62-F556-CBD5-D265-DC3F36C2B4B9}.Release|Any CPU.ActiveCfg = Release|Any CPU
		{7DD9BD62-F556-CBD5-D265-DC3F36C2B4B9}.Release|Any CPU.Build.0 = Release|Any CPU
		{1D2BA101-14DF-DC11-40BD-B9CFAC4B4905}.Debug|Any CPU.ActiveCfg = Debug|Any CPU
		{1D2BA101-14DF-DC11-40BD-B9CFAC4B4905}.Debug|Any CPU.Build.0 = Debug|Any CPU
		{1D2BA101-14DF-DC11-40BD-B9CFAC4B4905}.Release|Any CPU.ActiveCfg = Release|Any CPU
		{1D2BA101-14DF-DC11-40BD-B9CFAC4B4905}.Release|Any CPU.Build.0 = Release|Any CPU
		{3B3A195F-304C-037C-93F6-BD6AC0C58F2B}.Debug|Any CPU.ActiveCfg = Debug|Any CPU
		{3B3A195F-304C-037C-93F6-BD6AC0C58F2B}.Debug|Any CPU.Build.0 = Debug|Any CPU
		{3B3A195F-304C-037C-93F6-BD6AC0C58F2B}.Release|Any CPU.ActiveCfg = Release|Any CPU
		{3B3A195F-304C-037C-93F6-BD6AC0C58F2B}.Release|Any CPU.Build.0 = Release|Any CPU
		{54A80DBD-AFA4-5B4A-BDD4-4B870FDDAD0A}.Debug|Any CPU.ActiveCfg = Debug|Any CPU
		{54A80DBD-AFA4-5B4A-BDD4-4B870FDDAD0A}.Debug|Any CPU.Build.0 = Debug|Any CPU
		{54A80DBD-AFA4-5B4A-BDD4-4B870FDDAD0A}.Release|Any CPU.ActiveCfg = Release|Any CPU
		{54A80DBD-AFA4-5B4A-BDD4-4B870FDDAD0A}.Release|Any CPU.Build.0 = Release|Any CPU
	EndGlobalSection
	GlobalSection(SolutionProperties) = preSolution
		HideSolutionNode = FALSE
	EndGlobalSection
	GlobalSection(MonoDevelopProperties) = preSolution
		StartupItem = Assembly-CSharp.csproj
	EndGlobalSection
EndGlobal
